
Microsoft Visual Studio Solution File, Format Version 12.00
# Visual Studio Version 17
VisualStudioVersion = 17.4.33205.214
MinimumVisualStudioVersion = 10.0.40219.1
Project("{FAE04EC0-301F-11D3-BF4B-00C04F79EFBC}") = "Lab 10", "Lab 10\Lab 10.csproj", "{2CCE195F-5206-4D28-8862-37F61B6C3460}"
EndProject
Global
	GlobalSection(SolutionConfigurationPlatforms) = preSolution
		Debug|Any CPU = Debug|Any CPU
		Release|Any CPU = Release|Any CPU
	EndGlobalSection
	GlobalSection(ProjectConfigurationPlatforms) = postSolution
		{2CCE195F-5206-4D28-8862-37F61B6C3460}.Debug|Any CPU.ActiveCfg = Debug|Any CPU
		{2CCE195F-5206-4D28-8862-37F61B6C3460}.Debug|Any CPU.Build.0 = Debug|Any CPU
		{2CCE195F-5206-4D28-8862-37F61B6C3460}.Release|Any CPU.ActiveCfg = Release|Any CPU
		{2CCE195F-5206-4D28-8862-37F61B6C3460}.Release|Any CPU.Build.0 = Release|Any CPU
	EndGlobalSection
	GlobalSection(SolutionProperties) = preSolution
		HideSolutionNode = FALSE
	EndGlobalSection
	GlobalSection(ExtensibilityGlobals) = postSolution
		SolutionGuid = {CCE25DF2-E9C2-42D7-BA9A-9A41B719DAC9}
	EndGlobalSection
EndGlobal
